// !$*UTF8*$!
{
	archiveVersion = 1;
	classes = {
	};
	objectVersion = 50;
	objects = {

/* Begin PBXBuildFile section */
		CC743E8F22607D6C00B6A895 /* main.c in Sources */ = {isa = PBXBuildFile; fileRef = CC743E8E22607D6C00B6A895 /* main.c */; };
		CC743EB9226081F300B6A895 /* exptree.c in Sources */ = {isa = PBXBuildFile; fileRef = CC743E97226081EF00B6A895 /* exptree.c */; };
		CC743EBA226081F300B6A895 /* nextch.c in Sources */ = {isa = PBXBuildFile; fileRef = CC743E9B226081EF00B6A895 /* nextch.c */; };
		CC743EBB226081F300B6A895 /* strliteral.c in Sources */ = {isa = PBXBuildFile; fileRef = CC743E9C226081EF00B6A895 /* strliteral.c */; };
		CC743EBC226081F300B6A895 /* idtable.c in Sources */ = {isa = PBXBuildFile; fileRef = CC743E9D226081EF00B6A895 /* idtable.c */; };
		CC743EBD226081F300B6A895 /* expression.c in Sources */ = {isa = PBXBuildFile; fileRef = CC743E9F226081EF00B6A895 /* expression.c */; };
		CC743EBE226081F300B6A895 /* identifiers.c in Sources */ = {isa = PBXBuildFile; fileRef = CC743EA0226081EF00B6A895 /* identifiers.c */; };
		CC743EBF226081F300B6A895 /* execute.c in Sources */ = {isa = PBXBuildFile; fileRef = CC743EA1226081EF00B6A895 /* execute.c */; };
		CC743EC0226081F300B6A895 /* errmessages.c in Sources */ = {isa = PBXBuildFile; fileRef = CC743EA2226081EF00B6A895 /* errmessages.c */; };
		CC743EC1226081F300B6A895 /* symset.c in Sources */ = {isa = PBXBuildFile; fileRef = CC743EA5226081F000B6A895 /* symset.c */; };
		CC743EC2226081F300B6A895 /* statements.c in Sources */ = {isa = PBXBuildFile; fileRef = CC743EA7226081F000B6A895 /* statements.c */; };
		CC743EC3226081F300B6A895 /* functions.c in Sources */ = {isa = PBXBuildFile; fileRef = CC743EAB226081F000B6A895 /* functions.c */; };
		CC743EC4226081F300B6A895 /* abort.c in Sources */ = {isa = PBXBuildFile; fileRef = CC743EAC226081F100B6A895 /* abort.c */; };
		CC743EC5226081F300B6A895 /* getitem.c in Sources */ = {isa = PBXBuildFile; fileRef = CC743EB1226081F100B6A895 /* getitem.c */; };
		CC743EC6226081F300B6A895 /* printitem.c in Sources */ = {isa = PBXBuildFile; fileRef = CC743EB2226081F100B6A895 /* printitem.c */; };
		CC743EC7226081F300B6A895 /* newnode.c in Sources */ = {isa = PBXBuildFile; fileRef = CC743EB3226081F100B6A895 /* newnode.c */; };
		CC743EC8226081F300B6A895 /* getsymbol.c in Sources */ = {isa = PBXBuildFile; fileRef = CC743EB5226081F200B6A895 /* getsymbol.c */; };
		CC743EC9226081F300B6A895 /* simplestat.c in Sources */ = {isa = PBXBuildFile; fileRef = CC743EB6226081F200B6A895 /* simplestat.c */; };
		CC743ECA226081F300B6A895 /* evaluate.c in Sources */ = {isa = PBXBuildFile; fileRef = CC743EB7226081F200B6A895 /* evaluate.c */; };
/* End PBXBuildFile section */

/* Begin PBXCopyFilesBuildPhase section */
		CC743E8922607D6B00B6A895 /* CopyFiles */ = {
			isa = PBXCopyFilesBuildPhase;
			buildActionMask = 2147483647;
			dstPath = /usr/share/man/man1/;
			dstSubfolderSpec = 0;
			files = (
			);
			runOnlyForDeploymentPostprocessing = 1;
		};
/* End PBXCopyFilesBuildPhase section */

/* Begin PBXFileReference section */
		CC743E8B22607D6C00B6A895 /* dusk */ = {isa = PBXFileReference; explicitFileType = "compiled.mach-o.executable"; includeInIndex = 0; path = dusk; sourceTree = BUILT_PRODUCTS_DIR; };
		CC743E8E22607D6C00B6A895 /* main.c */ = {isa = PBXFileReference; lastKnownFileType = sourcecode.c.c; path = main.c; sourceTree = "<group>"; };
		CC743E95226081EF00B6A895 /* execute.h */ = {isa = PBXFileReference; fileEncoding = 4; lastKnownFileType = sourcecode.c.h; path = execute.h; sourceTree = "<group>"; };
		CC743E96226081EF00B6A895 /* identifiers.h */ = {isa = PBXFileReference; fileEncoding = 4; lastKnownFileType = sourcecode.c.h; path = identifiers.h; sourceTree = "<group>"; };
		CC743E97226081EF00B6A895 /* exptree.c */ = {isa = PBXFileReference; fileEncoding = 4; lastKnownFileType = sourcecode.c.c; path = exptree.c; sourceTree = "<group>"; };
		CC743E98226081EF00B6A895 /* strliteral.h */ = {isa = PBXFileReference; fileEncoding = 4; lastKnownFileType = sourcecode.c.h; path = strliteral.h; sourceTree = "<group>"; };
		CC743E99226081EF00B6A895 /* commontype.h */ = {isa = PBXFileReference; fileEncoding = 4; lastKnownFileType = sourcecode.c.h; path = commontype.h; sourceTree = "<group>"; };
		CC743E9A226081EF00B6A895 /* statements.h */ = {isa = PBXFileReference; fileEncoding = 4; lastKnownFileType = sourcecode.c.h; path = statements.h; sourceTree = "<group>"; };
		CC743E9B226081EF00B6A895 /* nextch.c */ = {isa = PBXFileReference; fileEncoding = 4; lastKnownFileType = sourcecode.c.c; path = nextch.c; sourceTree = "<group>"; };
		CC743E9C226081EF00B6A895 /* strliteral.c */ = {isa = PBXFileReference; fileEncoding = 4; lastKnownFileType = sourcecode.c.c; path = strliteral.c; sourceTree = "<group>"; };
		CC743E9D226081EF00B6A895 /* idtable.c */ = {isa = PBXFileReference; fileEncoding = 4; lastKnownFileType = sourcecode.c.c; path = idtable.c; sourceTree = "<group>"; };
		CC743E9E226081EF00B6A895 /* getitem.h */ = {isa = PBXFileReference; fileEncoding = 4; lastKnownFileType = sourcecode.c.h; path = getitem.h; sourceTree = "<group>"; };
		CC743E9F226081EF00B6A895 /* expression.c */ = {isa = PBXFileReference; fileEncoding = 4; lastKnownFileType = sourcecode.c.c; path = expression.c; sourceTree = "<group>"; };
		CC743EA0226081EF00B6A895 /* identifiers.c */ = {isa = PBXFileReference; fileEncoding = 4; lastKnownFileType = sourcecode.c.c; path = identifiers.c; sourceTree = "<group>"; };
		CC743EA1226081EF00B6A895 /* execute.c */ = {isa = PBXFileReference; fileEncoding = 4; lastKnownFileType = sourcecode.c.c; path = execute.c; sourceTree = "<group>"; };
		CC743EA2226081EF00B6A895 /* errmessages.c */ = {isa = PBXFileReference; fileEncoding = 4; lastKnownFileType = sourcecode.c.c; path = errmessages.c; sourceTree = "<group>"; };
		CC743EA3226081F000B6A895 /* token.h */ = {isa = PBXFileReference; fileEncoding = 4; lastKnownFileType = sourcecode.c.h; path = token.h; sourceTree = "<group>"; };
		CC743EA4226081F000B6A895 /* idtable.h */ = {isa = PBXFileReference; fileEncoding = 4; lastKnownFileType = sourcecode.c.h; path = idtable.h; sourceTree = "<group>"; };
		CC743EA5226081F000B6A895 /* symset.c */ = {isa = PBXFileReference; fileEncoding = 4; lastKnownFileType = sourcecode.c.c; path = symset.c; sourceTree = "<group>"; };
		CC743EA6226081F000B6A895 /* symset.h */ = {isa = PBXFileReference; fileEncoding = 4; lastKnownFileType = sourcecode.c.h; path = symset.h; sourceTree = "<group>"; };
		CC743EA7226081F000B6A895 /* statements.c */ = {isa = PBXFileReference; fileEncoding = 4; lastKnownFileType = sourcecode.c.c; path = statements.c; sourceTree = "<group>"; };
		CC743EA8226081F000B6A895 /* evaluate.h */ = {isa = PBXFileReference; fileEncoding = 4; lastKnownFileType = sourcecode.c.h; path = evaluate.h; sourceTree = "<group>"; };
		CC743EA9226081F000B6A895 /* abort.h */ = {isa = PBXFileReference; fileEncoding = 4; lastKnownFileType = sourcecode.c.h; path = abort.h; sourceTree = "<group>"; };
		CC743EAA226081F000B6A895 /* stnode_imp.h */ = {isa = PBXFileReference; fileEncoding = 4; lastKnownFileType = sourcecode.c.h; path = stnode_imp.h; sourceTree = "<group>"; };
		CC743EAB226081F000B6A895 /* functions.c */ = {isa = PBXFileReference; fileEncoding = 4; lastKnownFileType = sourcecode.c.c; path = functions.c; sourceTree = "<group>"; };
		CC743EAC226081F100B6A895 /* abort.c */ = {isa = PBXFileReference; fileEncoding = 4; lastKnownFileType = sourcecode.c.c; path = abort.c; sourceTree = "<group>"; };
		CC743EAD226081F100B6A895 /* expression.h */ = {isa = PBXFileReference; fileEncoding = 4; lastKnownFileType = sourcecode.c.h; path = expression.h; sourceTree = "<group>"; };
		CC743EAE226081F100B6A895 /* nextch.h */ = {isa = PBXFileReference; fileEncoding = 4; lastKnownFileType = sourcecode.c.h; path = nextch.h; sourceTree = "<group>"; };
		CC743EAF226081F100B6A895 /* getsymbol.h */ = {isa = PBXFileReference; fileEncoding = 4; lastKnownFileType = sourcecode.c.h; path = getsymbol.h; sourceTree = "<group>"; };
		CC743EB0226081F100B6A895 /* exp_imp.h */ = {isa = PBXFileReference; fileEncoding = 4; lastKnownFileType = sourcecode.c.h; path = exp_imp.h; sourceTree = "<group>"; };
		CC743EB1226081F100B6A895 /* getitem.c */ = {isa = PBXFileReference; fileEncoding = 4; lastKnownFileType = sourcecode.c.c; path = getitem.c; sourceTree = "<group>"; };
		CC743EB2226081F100B6A895 /* printitem.c */ = {isa = PBXFileReference; fileEncoding = 4; lastKnownFileType = sourcecode.c.c; path = printitem.c; sourceTree = "<group>"; };
		CC743EB3226081F100B6A895 /* newnode.c */ = {isa = PBXFileReference; fileEncoding = 4; lastKnownFileType = sourcecode.c.c; path = newnode.c; sourceTree = "<group>"; };
		CC743EB4226081F200B6A895 /* expnode.h */ = {isa = PBXFileReference; fileEncoding = 4; lastKnownFileType = sourcecode.c.h; path = expnode.h; sourceTree = "<group>"; };
		CC743EB5226081F200B6A895 /* getsymbol.c */ = {isa = PBXFileReference; fileEncoding = 4; lastKnownFileType = sourcecode.c.c; path = getsymbol.c; sourceTree = "<group>"; };
		CC743EB6226081F200B6A895 /* simplestat.c */ = {isa = PBXFileReference; fileEncoding = 4; lastKnownFileType = sourcecode.c.c; path = simplestat.c; sourceTree = "<group>"; };
		CC743EB7226081F200B6A895 /* evaluate.c */ = {isa = PBXFileReference; fileEncoding = 4; lastKnownFileType = sourcecode.c.c; path = evaluate.c; sourceTree = "<group>"; };
		CC743EB8226081F200B6A895 /* stnode.h */ = {isa = PBXFileReference; fileEncoding = 4; lastKnownFileType = sourcecode.c.h; path = stnode.h; sourceTree = "<group>"; };
/* End PBXFileReference section */

/* Begin PBXFrameworksBuildPhase section */
		CC743E8822607D6B00B6A895 /* Frameworks */ = {
			isa = PBXFrameworksBuildPhase;
			buildActionMask = 2147483647;
			files = (
			);
			runOnlyForDeploymentPostprocessing = 0;
		};
/* End PBXFrameworksBuildPhase section */

/* Begin PBXGroup section */
		CC743E8222607D6B00B6A895 = {
			isa = PBXGroup;
			children = (
				CC743E8D22607D6C00B6A895 /* dusk */,
				CC743E8C22607D6C00B6A895 /* Products */,
			);
			sourceTree = "<group>";
		};
		CC743E8C22607D6C00B6A895 /* Products */ = {
			isa = PBXGroup;
			children = (
				CC743E8B22607D6C00B6A895 /* dusk */,
			);
			name = Products;
			sourceTree = "<group>";
		};
		CC743E8D22607D6C00B6A895 /* dusk */ = {
			isa = PBXGroup;
			children = (
				CC743E8E22607D6C00B6A895 /* main.c */,
				CC743EAC226081F100B6A895 /* abort.c */,
				CC743EA9226081F000B6A895 /* abort.h */,
				CC743E99226081EF00B6A895 /* commontype.h */,
				CC743EA2226081EF00B6A895 /* errmessages.c */,
				CC743EB7226081F200B6A895 /* evaluate.c */,
				CC743EA8226081F000B6A895 /* evaluate.h */,
				CC743EA1226081EF00B6A895 /* execute.c */,
				CC743E95226081EF00B6A895 /* execute.h */,
				CC743EB0226081F100B6A895 /* exp_imp.h */,
				CC743EB4226081F200B6A895 /* expnode.h */,
				CC743E9F226081EF00B6A895 /* expression.c */,
				CC743EAD226081F100B6A895 /* expression.h */,
				CC743E97226081EF00B6A895 /* exptree.c */,
				CC743EAB226081F000B6A895 /* functions.c */,
				CC743EB1226081F100B6A895 /* getitem.c */,
				CC743E9E226081EF00B6A895 /* getitem.h */,
				CC743EB5226081F200B6A895 /* getsymbol.c */,
				CC743EAF226081F100B6A895 /* getsymbol.h */,
				CC743EA0226081EF00B6A895 /* identifiers.c */,
				CC743E96226081EF00B6A895 /* identifiers.h */,
				CC743E9D226081EF00B6A895 /* idtable.c */,
				CC743EA4226081F000B6A895 /* idtable.h */,
				CC743EB3226081F100B6A895 /* newnode.c */,
				CC743E9B226081EF00B6A895 /* nextch.c */,
				CC743EAE226081F100B6A895 /* nextch.h */,
				CC743EB2226081F100B6A895 /* printitem.c */,
				CC743EB6226081F200B6A895 /* simplestat.c */,
				CC743EA7226081F000B6A895 /* statements.c */,
				CC743E9A226081EF00B6A895 /* statements.h */,
				CC743EAA226081F000B6A895 /* stnode_imp.h */,
				CC743EB8226081F200B6A895 /* stnode.h */,
				CC743E9C226081EF00B6A895 /* strliteral.c */,
				CC743E98226081EF00B6A895 /* strliteral.h */,
				CC743EA5226081F000B6A895 /* symset.c */,
				CC743EA6226081F000B6A895 /* symset.h */,
				CC743EA3226081F000B6A895 /* token.h */,
			);
			path = dusk;
			sourceTree = "<group>";
		};
/* End PBXGroup section */

/* Begin PBXNativeTarget section */
		CC743E8A22607D6B00B6A895 /* dusk */ = {
			isa = PBXNativeTarget;
			buildConfigurationList = CC743E9222607D6C00B6A895 /* Build configuration list for PBXNativeTarget "dusk" */;
			buildPhases = (
				CC743E8722607D6B00B6A895 /* Sources */,
				CC743E8822607D6B00B6A895 /* Frameworks */,
				CC743E8922607D6B00B6A895 /* CopyFiles */,
			);
			buildRules = (
			);
			dependencies = (
			);
			name = dusk;
			productName = dusk;
			productReference = CC743E8B22607D6C00B6A895 /* dusk */;
			productType = "com.apple.product-type.tool";
		};
/* End PBXNativeTarget section */

/* Begin PBXProject section */
		CC743E8322607D6B00B6A895 /* Project object */ = {
			isa = PBXProject;
			attributes = {
				LastUpgradeCheck = 1020;
				ORGANIZATIONNAME = s06181110;
				TargetAttributes = {
					CC743E8A22607D6B00B6A895 = {
						CreatedOnToolsVersion = 10.2;
					};
				};
			};
			buildConfigurationList = CC743E8622607D6B00B6A895 /* Build configuration list for PBXProject "dusk" */;
			compatibilityVersion = "Xcode 9.3";
			developmentRegion = en;
			hasScannedForEncodings = 0;
			knownRegions = (
				en,
			);
			mainGroup = CC743E8222607D6B00B6A895;
			productRefGroup = CC743E8C22607D6C00B6A895 /* Products */;
			projectDirPath = "";
			projectRoot = "";
			targets = (
				CC743E8A22607D6B00B6A895 /* dusk */,
			);
		};
/* End PBXProject section */

/* Begin PBXSourcesBuildPhase section */
		CC743E8722607D6B00B6A895 /* Sources */ = {
			isa = PBXSourcesBuildPhase;
			buildActionMask = 2147483647;
			files = (
				CC743EC4226081F300B6A895 /* abort.c in Sources */,
				CC743EBC226081F300B6A895 /* idtable.c in Sources */,
				CC743EC3226081F300B6A895 /* functions.c in Sources */,
				CC743EBA226081F300B6A895 /* nextch.c in Sources */,
				CC743EC6226081F300B6A895 /* printitem.c in Sources */,
				CC743EBE226081F300B6A895 /* identifiers.c in Sources */,
				CC743E8F22607D6C00B6A895 /* main.c in Sources */,
				CC743EC8226081F300B6A895 /* getsymbol.c in Sources */,
				CC743ECA226081F300B6A895 /* evaluate.c in Sources */,
				CC743EC1226081F300B6A895 /* symset.c in Sources */,
				CC743EB9226081F300B6A895 /* exptree.c in Sources */,
				CC743EBF226081F300B6A895 /* execute.c in Sources */,
				CC743EC7226081F300B6A895 /* newnode.c in Sources */,
				CC743EBB226081F300B6A895 /* strliteral.c in Sources */,
				CC743EC0226081F300B6A895 /* errmessages.c in Sources */,
				CC743EBD226081F300B6A895 /* expression.c in Sources */,
				CC743EC2226081F300B6A895 /* statements.c in Sources */,
				CC743EC5226081F300B6A895 /* getitem.c in Sources */,
				CC743EC9226081F300B6A895 /* simplestat.c in Sources */,
			);
			runOnlyForDeploymentPostprocessing = 0;
		};
/* End PBXSourcesBuildPhase section */

/* Begin XCBuildConfiguration section */
		CC743E9022607D6C00B6A895 /* Debug */ = {
			isa = XCBuildConfiguration;
			buildSettings = {
				ALWAYS_SEARCH_USER_PATHS = NO;
				CLANG_ANALYZER_NONNULL = YES;
				CLANG_ANALYZER_NUMBER_OBJECT_CONVERSION = YES_AGGRESSIVE;
				CLANG_CXX_LANGUAGE_STANDARD = "gnu++14";
				CLANG_CXX_LIBRARY = "libc++";
				CLANG_ENABLE_MODULES = YES;
				CLANG_ENABLE_OBJC_ARC = YES;
				CLANG_ENABLE_OBJC_WEAK = YES;
				CLANG_WARN_BLOCK_CAPTURE_AUTORELEASING = YES;
				CLANG_WARN_BOOL_CONVERSION = YES;
				CLANG_WARN_COMMA = YES;
				CLANG_WARN_CONSTANT_CONVERSION = YES;
				CLANG_WARN_DEPRECATED_OBJC_IMPLEMENTATIONS = YES;
				CLANG_WARN_DIRECT_OBJC_ISA_USAGE = YES_ERROR;
				CLANG_WARN_DOCUMENTATION_COMMENTS = YES;
				CLANG_WARN_EMPTY_BODY = YES;
				CLANG_WARN_ENUM_CONVERSION = YES;
				CLANG_WARN_INFINITE_RECURSION = YES;
				CLANG_WARN_INT_CONVERSION = YES;
				CLANG_WARN_NON_LITERAL_NULL_CONVERSION = YES;
				CLANG_WARN_OBJC_IMPLICIT_RETAIN_SELF = YES;
				CLANG_WARN_OBJC_LITERAL_CONVERSION = YES;
				CLANG_WARN_OBJC_ROOT_CLASS = YES_ERROR;
				CLANG_WARN_RANGE_LOOP_ANALYSIS = YES;
				CLANG_WARN_STRICT_PROTOTYPES = YES;
				CLANG_WARN_SUSPICIOUS_MOVE = YES;
				CLANG_WARN_UNGUARDED_AVAILABILITY = YES_AGGRESSIVE;
				CLANG_WARN_UNREACHABLE_CODE = YES;
				CLANG_WARN__DUPLICATE_METHOD_MATCH = YES;
				CODE_SIGN_IDENTITY = "-";
				COPY_PHASE_STRIP = NO;
				DEBUG_INFORMATION_FORMAT = dwarf;
				ENABLE_STRICT_OBJC_MSGSEND = YES;
				ENABLE_TESTABILITY = YES;
				GCC_C_LANGUAGE_STANDARD = gnu11;
				GCC_DYNAMIC_NO_PIC = NO;
				GCC_NO_COMMON_BLOCKS = YES;
				GCC_OPTIMIZATION_LEVEL = 0;
				GCC_PREPROCESSOR_DEFINITIONS = (
					"DEBUG=1",
					"$(inherited)",
				);
				GCC_WARN_64_TO_32_BIT_CONVERSION = YES;
				GCC_WARN_ABOUT_RETURN_TYPE = YES_ERROR;
				GCC_WARN_UNDECLARED_SELECTOR = YES;
				GCC_WARN_UNINITIALIZED_AUTOS = YES_AGGRESSIVE;
				GCC_WARN_UNUSED_FUNCTION = YES;
				GCC_WARN_UNUSED_VARIABLE = YES;
				MACOSX_DEPLOYMENT_TARGET = 10.14;
				MTL_ENABLE_DEBUG_INFO = INCLUDE_SOURCE;
				MTL_FAST_MATH = YES;
				ONLY_ACTIVE_ARCH = YES;
				SDKROOT = macosx;
			};
			name = Debug;
		};
		CC743E9122607D6C00B6A895 /* Release */ = {
			isa = XCBuildConfiguration;
			buildSettings = {
				ALWAYS_SEARCH_USER_PATHS = NO;
				CLANG_ANALYZER_NONNULL = YES;
				CLANG_ANALYZER_NUMBER_OBJECT_CONVERSION = YES_AGGRESSIVE;
				CLANG_CXX_LANGUAGE_STANDARD = "gnu++14";
				CLANG_CXX_LIBRARY = "libc++";
				CLANG_ENABLE_MODULES = YES;
				CLANG_ENABLE_OBJC_ARC = YES;
				CLANG_ENABLE_OBJC_WEAK = YES;
				CLANG_WARN_BLOCK_CAPTURE_AUTORELEASING = YES;
				CLANG_WARN_BOOL_CONVERSION = YES;
				CLANG_WARN_COMMA = YES;
				CLANG_WARN_CONSTANT_CONVERSION = YES;
				CLANG_WARN_DEPRECATED_OBJC_IMPLEMENTATIONS = YES;
				CLANG_WARN_DIRECT_OBJC_ISA_USAGE = YES_ERROR;
				CLANG_WARN_DOCUMENTATION_COMMENTS = YES;
				CLANG_WARN_EMPTY_BODY = YES;
				CLANG_WARN_ENUM_CONVERSION = YES;
				CLANG_WARN_INFINITE_RECURSION = YES;
				CLANG_WARN_INT_CONVERSION = YES;
				CLANG_WARN_NON_LITERAL_NULL_CONVERSION = YES;
				CLANG_WARN_OBJC_IMPLICIT_RETAIN_SELF = YES;
				CLANG_WARN_OBJC_LITERAL_CONVERSION = YES;
				CLANG_WARN_OBJC_ROOT_CLASS = YES_ERROR;
				CLANG_WARN_RANGE_LOOP_ANALYSIS = YES;
				CLANG_WARN_STRICT_PROTOTYPES = YES;
				CLANG_WARN_SUSPICIOUS_MOVE = YES;
				CLANG_WARN_UNGUARDED_AVAILABILITY = YES_AGGRESSIVE;
				CLANG_WARN_UNREACHABLE_CODE = YES;
				CLANG_WARN__DUPLICATE_METHOD_MATCH = YES;
				CODE_SIGN_IDENTITY = "-";
				COPY_PHASE_STRIP = NO;
				DEBUG_INFORMATION_FORMAT = "dwarf-with-dsym";
				ENABLE_NS_ASSERTIONS = NO;
				ENABLE_STRICT_OBJC_MSGSEND = YES;
				GCC_C_LANGUAGE_STANDARD = gnu11;
				GCC_NO_COMMON_BLOCKS = YES;
				GCC_WARN_64_TO_32_BIT_CONVERSION = YES;
				GCC_WARN_ABOUT_RETURN_TYPE = YES_ERROR;
				GCC_WARN_UNDECLARED_SELECTOR = YES;
				GCC_WARN_UNINITIALIZED_AUTOS = YES_AGGRESSIVE;
				GCC_WARN_UNUSED_FUNCTION = YES;
				GCC_WARN_UNUSED_VARIABLE = YES;
				MACOSX_DEPLOYMENT_TARGET = 10.14;
				MTL_ENABLE_DEBUG_INFO = NO;
				MTL_FAST_MATH = YES;
				SDKROOT = macosx;
			};
			name = Release;
		};
		CC743E9322607D6C00B6A895 /* Debug */ = {
			isa = XCBuildConfiguration;
			buildSettings = {
				CODE_SIGN_STYLE = Automatic;
				PRODUCT_NAME = "$(TARGET_NAME)";
			};
			name = Debug;
		};
		CC743E9422607D6C00B6A895 /* Release */ = {
			isa = XCBuildConfiguration;
			buildSettings = {
				CODE_SIGN_STYLE = Automatic;
				PRODUCT_NAME = "$(TARGET_NAME)";
			};
			name = Release;
		};
/* End XCBuildConfiguration section */

/* Begin XCConfigurationList section */
		CC743E8622607D6B00B6A895 /* Build configuration list for PBXProject "dusk" */ = {
			isa = XCConfigurationList;
			buildConfigurations = (
				CC743E9022607D6C00B6A895 /* Debug */,
				CC743E9122607D6C00B6A895 /* Release */,
			);
			defaultConfigurationIsVisible = 0;
			defaultConfigurationName = Release;
		};
		CC743E9222607D6C00B6A895 /* Build configuration list for PBXNativeTarget "dusk" */ = {
			isa = XCConfigurationList;
			buildConfigurations = (
				CC743E9322607D6C00B6A895 /* Debug */,
				CC743E9422607D6C00B6A895 /* Release */,
			);
			defaultConfigurationIsVisible = 0;
			defaultConfigurationName = Release;
		};
/* End XCConfigurationList section */
	};
	rootObject = CC743E8322607D6B00B6A895 /* Project object */;
}
